// !$*UTF8*$!
{
	archiveVersion = 1;
	classes = {
	};
	objectVersion = 46;
	objects = {

/* Begin PBXBuildFile section */
		26743EAD16D3FECE008E0446 /* MyNavigationController.m in Sources */ = {isa = PBXBuildFile; fileRef = 26743EAC16D3FECE008E0446 /* MyNavigationController.m */; };
		26743EB416D40CB3008E0446 /* NSDictionary+Addition.m in Sources */ = {isa = PBXBuildFile; fileRef = 26743EB116D40CB3008E0446 /* NSDictionary+Addition.m */; };
		26743EBF16D41E66008E0446 /* InfoViewController.m in Sources */ = {isa = PBXBuildFile; fileRef = 26743EBD16D41E66008E0446 /* InfoViewController.m */; };
		26743EC016D41E66008E0446 /* InfoViewController.xib in Resources */ = {isa = PBXBuildFile; fileRef = 26743EBE16D41E66008E0446 /* InfoViewController.xib */; };
		26743ECA16D42940008E0446 /* test.json in Resources */ = {isa = PBXBuildFile; fileRef = 26743EC916D42940008E0446 /* test.json */; };
		26743ECB16D42E28008E0446 /* test.json in Resources */ = {isa = PBXBuildFile; fileRef = 26743EC916D42940008E0446 /* test.json */; };
		2676D1DC16D212A20019B3A5 /* AppConstants.m in Sources */ = {isa = PBXBuildFile; fileRef = 2676D1DB16D212A20019B3A5 /* AppConstants.m */; };
		2676D1ED16D249990019B3A5 /* DatabaseHandler.m in Sources */ = {isa = PBXBuildFile; fileRef = 2676D1EC16D249990019B3A5 /* DatabaseHandler.m */; };
		2676D1F016D250A20019B3A5 /* Folder.m in Sources */ = {isa = PBXBuildFile; fileRef = 2676D1EF16D250A20019B3A5 /* Folder.m */; };
		2676D1F916D257570019B3A5 /* File.m in Sources */ = {isa = PBXBuildFile; fileRef = 2676D1F816D257570019B3A5 /* File.m */; };
		2676D1FC16D27C3F0019B3A5 /* User.m in Sources */ = {isa = PBXBuildFile; fileRef = 2676D1FB16D27C3F0019B3A5 /* User.m */; };
		2692E62D16D2B0E100D109BC /* ListViewController_iPad.xib in Resources */ = {isa = PBXBuildFile; fileRef = 2692E62916D2B0E100D109BC /* ListViewController_iPad.xib */; };
		2692E62E16D2B0E100D109BC /* ListViewController.m in Sources */ = {isa = PBXBuildFile; fileRef = 2692E62B16D2B0E100D109BC /* ListViewController.m */; };
		2692E62F16D2B0E100D109BC /* ListViewController.xib in Resources */ = {isa = PBXBuildFile; fileRef = 2692E62C16D2B0E100D109BC /* ListViewController.xib */; };
		2692E63216D2BB5900D109BC /* FileViewCell.m in Sources */ = {isa = PBXBuildFile; fileRef = 2692E63116D2BB5900D109BC /* FileViewCell.m */; };
		2692E63616D2BBA800D109BC /* FileViewCell.xib in Resources */ = {isa = PBXBuildFile; fileRef = 2692E63516D2BBA800D109BC /* FileViewCell.xib */; };
		2692E63816D2C20100D109BC /* Purple_Folder.png in Resources */ = {isa = PBXBuildFile; fileRef = 2692E63716D2C20100D109BC /* Purple_Folder.png */; };
		2692E64016D2C78100D109BC /* FolderViewCell.m in Sources */ = {isa = PBXBuildFile; fileRef = 2692E63F16D2C78100D109BC /* FolderViewCell.m */; };
		2692E64216D2C78E00D109BC /* FolderViewCell.xib in Resources */ = {isa = PBXBuildFile; fileRef = 2692E64116D2C78E00D109BC /* FolderViewCell.xib */; };
		2692E64616D2CE0600D109BC /* TableViewController.m in Sources */ = {isa = PBXBuildFile; fileRef = 2692E64416D2CE0600D109BC /* TableViewController.m */; };
		2692E64716D2CE0600D109BC /* TableViewController.xib in Resources */ = {isa = PBXBuildFile; fileRef = 2692E64516D2CE0600D109BC /* TableViewController.xib */; };
		2692E64916D2D06C00D109BC /* FolderViewCell_iPad.xib in Resources */ = {isa = PBXBuildFile; fileRef = 2692E64816D2D06C00D109BC /* FolderViewCell_iPad.xib */; };
		2692E64B16D2D18C00D109BC /* FileViewCell_iPad.xib in Resources */ = {isa = PBXBuildFile; fileRef = 2692E64A16D2D18C00D109BC /* FileViewCell_iPad.xib */; };
		269F65E616CFAB9C00663B98 /* UIKit.framework in Frameworks */ = {isa = PBXBuildFile; fileRef = 269F65E516CFAB9C00663B98 /* UIKit.framework */; };
		269F65E816CFAB9C00663B98 /* Foundation.framework in Frameworks */ = {isa = PBXBuildFile; fileRef = 269F65E716CFAB9C00663B98 /* Foundation.framework */; };
		269F65EA16CFAB9C00663B98 /* CoreGraphics.framework in Frameworks */ = {isa = PBXBuildFile; fileRef = 269F65E916CFAB9C00663B98 /* CoreGraphics.framework */; };
		269F65EC16CFAB9C00663B98 /* CoreData.framework in Frameworks */ = {isa = PBXBuildFile; fileRef = 269F65EB16CFAB9C00663B98 /* CoreData.framework */; };
		269F65F216CFAB9C00663B98 /* InfoPlist.strings in Resources */ = {isa = PBXBuildFile; fileRef = 269F65F016CFAB9C00663B98 /* InfoPlist.strings */; };
		269F65F416CFAB9C00663B98 /* main.m in Sources */ = {isa = PBXBuildFile; fileRef = 269F65F316CFAB9C00663B98 /* main.m */; };
		269F65F816CFAB9C00663B98 /* AppDelegate.m in Sources */ = {isa = PBXBuildFile; fileRef = 269F65F716CFAB9C00663B98 /* AppDelegate.m */; };
		269F65FA16CFAB9C00663B98 /* Default.png in Resources */ = {isa = PBXBuildFile; fileRef = 269F65F916CFAB9C00663B98 /* Default.png */; };
		269F65FC16CFAB9C00663B98 /* Default@2x.png in Resources */ = {isa = PBXBuildFile; fileRef = 269F65FB16CFAB9C00663B98 /* Default@2x.png */; };
		269F65FE16CFAB9C00663B98 /* Default-568h@2x.png in Resources */ = {isa = PBXBuildFile; fileRef = 269F65FD16CFAB9C00663B98 /* Default-568h@2x.png */; };
		269F660116CFAB9C00663B98 /* YakimbiTest.xcdatamodeld in Sources */ = {isa = PBXBuildFile; fileRef = 269F65FF16CFAB9C00663B98 /* YakimbiTest.xcdatamodeld */; };
		269F660916CFAB9C00663B98 /* SenTestingKit.framework in Frameworks */ = {isa = PBXBuildFile; fileRef = 269F660816CFAB9C00663B98 /* SenTestingKit.framework */; };
		269F660A16CFAB9C00663B98 /* UIKit.framework in Frameworks */ = {isa = PBXBuildFile; fileRef = 269F65E516CFAB9C00663B98 /* UIKit.framework */; };
		269F660B16CFAB9C00663B98 /* Foundation.framework in Frameworks */ = {isa = PBXBuildFile; fileRef = 269F65E716CFAB9C00663B98 /* Foundation.framework */; };
		269F660C16CFAB9C00663B98 /* CoreData.framework in Frameworks */ = {isa = PBXBuildFile; fileRef = 269F65EB16CFAB9C00663B98 /* CoreData.framework */; };
		269F661416CFAB9C00663B98 /* InfoPlist.strings in Resources */ = {isa = PBXBuildFile; fileRef = 269F661216CFAB9C00663B98 /* InfoPlist.strings */; };
		269F661716CFAB9C00663B98 /* YakimbiTestTests.m in Sources */ = {isa = PBXBuildFile; fileRef = 269F661616CFAB9C00663B98 /* YakimbiTestTests.m */; };
		269F662216CFABCE00663B98 /* Parser.m in Sources */ = {isa = PBXBuildFile; fileRef = 269F662116CFABCE00663B98 /* Parser.m */; };
		269F662816CFAC3400663B98 /* MainViewController.m in Sources */ = {isa = PBXBuildFile; fileRef = 269F662516CFAC3400663B98 /* MainViewController.m */; };
		269F662916CFAC3400663B98 /* MainViewController.xib in Resources */ = {isa = PBXBuildFile; fileRef = 269F662616CFAC3400663B98 /* MainViewController.xib */; };
		269F662A16CFAC3400663B98 /* MainViewController_iPad.xib in Resources */ = {isa = PBXBuildFile; fileRef = 269F662716CFAC3400663B98 /* MainViewController_iPad.xib */; };
		269F663216CFAF4B00663B98 /* HTTPRequestOperation.m in Sources */ = {isa = PBXBuildFile; fileRef = 269F663116CFAF4B00663B98 /* HTTPRequestOperation.m */; };
/* End PBXBuildFile section */

/* Begin PBXContainerItemProxy section */
		269F660D16CFAB9C00663B98 /* PBXContainerItemProxy */ = {
			isa = PBXContainerItemProxy;
			containerPortal = 269F65DA16CFAB9B00663B98 /* Project object */;
			proxyType = 1;
			remoteGlobalIDString = 269F65E116CFAB9B00663B98;
			remoteInfo = YakimbiTest;
		};
/* End PBXContainerItemProxy section */

/* Begin PBXFileReference section */
		26743EAB16D3FECE008E0446 /* MyNavigationController.h */ = {isa = PBXFileReference; fileEncoding = 4; lastKnownFileType = sourcecode.c.h; name = MyNavigationController.h; path = Custom/MyNavigationController.h; sourceTree = "<group>"; };
		26743EAC16D3FECE008E0446 /* MyNavigationController.m */ = {isa = PBXFileReference; fileEncoding = 4; lastKnownFileType = sourcecode.c.objc; name = MyNavigationController.m; path = Custom/MyNavigationController.m; sourceTree = "<group>"; };
		26743EB016D40CB3008E0446 /* NSDictionary+Addition.h */ = {isa = PBXFileReference; fileEncoding = 4; lastKnownFileType = sourcecode.c.h; path = "NSDictionary+Addition.h"; sourceTree = "<group>"; };
		26743EB116D40CB3008E0446 /* NSDictionary+Addition.m */ = {isa = PBXFileReference; fileEncoding = 4; lastKnownFileType = sourcecode.c.objc; path = "NSDictionary+Addition.m"; sourceTree = "<group>"; };
		26743EBC16D41E66008E0446 /* InfoViewController.h */ = {isa = PBXFileReference; fileEncoding = 4; lastKnownFileType = sourcecode.c.h; name = InfoViewController.h; path = ViewControllers/InfoViewController.h; sourceTree = "<group>"; };
		26743EBD16D41E66008E0446 /* InfoViewController.m */ = {isa = PBXFileReference; fileEncoding = 4; lastKnownFileType = sourcecode.c.objc; name = InfoViewController.m; path = ViewControllers/InfoViewController.m; sourceTree = "<group>"; };
		26743EBE16D41E66008E0446 /* InfoViewController.xib */ = {isa = PBXFileReference; fileEncoding = 4; lastKnownFileType = file.xib; name = InfoViewController.xib; path = ViewControllers/InfoViewController.xib; sourceTree = "<group>"; };
		26743EC916D42940008E0446 /* test.json */ = {isa = PBXFileReference; fileEncoding = 4; lastKnownFileType = text.json; path = test.json; sourceTree = "<group>"; };
		2676D1DA16D212A20019B3A5 /* AppConstants.h */ = {isa = PBXFileReference; fileEncoding = 4; lastKnownFileType = sourcecode.c.h; name = AppConstants.h; path = Utilities/AppConstants.h; sourceTree = "<group>"; };
		2676D1DB16D212A20019B3A5 /* AppConstants.m */ = {isa = PBXFileReference; fileEncoding = 4; lastKnownFileType = sourcecode.c.objc; name = AppConstants.m; path = Utilities/AppConstants.m; sourceTree = "<group>"; };
		2676D1EB16D249990019B3A5 /* DatabaseHandler.h */ = {isa = PBXFileReference; fileEncoding = 4; lastKnownFileType = sourcecode.c.h; path = DatabaseHandler.h; sourceTree = "<group>"; };
		2676D1EC16D249990019B3A5 /* DatabaseHandler.m */ = {isa = PBXFileReference; fileEncoding = 4; lastKnownFileType = sourcecode.c.objc; path = DatabaseHandler.m; sourceTree = "<group>"; };
		2676D1EE16D250A20019B3A5 /* Folder.h */ = {isa = PBXFileReference; fileEncoding = 4; lastKnownFileType = sourcecode.c.h; name = Folder.h; path = "DB Files/Folder.h"; sourceTree = "<group>"; };
		2676D1EF16D250A20019B3A5 /* Folder.m */ = {isa = PBXFileReference; fileEncoding = 4; lastKnownFileType = sourcecode.c.objc; name = Folder.m; path = "DB Files/Folder.m"; sourceTree = "<group>"; };
		2676D1F716D257570019B3A5 /* File.h */ = {isa = PBXFileReference; fileEncoding = 4; lastKnownFileType = sourcecode.c.h; name = File.h; path = "DB Files/File.h"; sourceTree = "<group>"; };
		2676D1F816D257570019B3A5 /* File.m */ = {isa = PBXFileReference; fileEncoding = 4; lastKnownFileType = sourcecode.c.objc; name = File.m; path = "DB Files/File.m"; sourceTree = "<group>"; };
		2676D1FA16D27C3F0019B3A5 /* User.h */ = {isa = PBXFileReference; fileEncoding = 4; lastKnownFileType = sourcecode.c.h; name = User.h; path = "DB Files/User.h"; sourceTree = "<group>"; };
		2676D1FB16D27C3F0019B3A5 /* User.m */ = {isa = PBXFileReference; fileEncoding = 4; lastKnownFileType = sourcecode.c.objc; name = User.m; path = "DB Files/User.m"; sourceTree = "<group>"; };
		2692E62916D2B0E100D109BC /* ListViewController_iPad.xib */ = {isa = PBXFileReference; fileEncoding = 4; lastKnownFileType = file.xib; name = ListViewController_iPad.xib; path = ViewControllers/ListViewController_iPad.xib; sourceTree = "<group>"; };
		2692E62A16D2B0E100D109BC /* ListViewController.h */ = {isa = PBXFileReference; fileEncoding = 4; lastKnownFileType = sourcecode.c.h; name = ListViewController.h; path = ViewControllers/ListViewController.h; sourceTree = "<group>"; };
		2692E62B16D2B0E100D109BC /* ListViewController.m */ = {isa = PBXFileReference; fileEncoding = 4; lastKnownFileType = sourcecode.c.objc; name = ListViewController.m; path = ViewControllers/ListViewController.m; sourceTree = "<group>"; };
		2692E62C16D2B0E100D109BC /* ListViewController.xib */ = {isa = PBXFileReference; fileEncoding = 4; lastKnownFileType = file.xib; name = ListViewController.xib; path = ViewControllers/ListViewController.xib; sourceTree = "<group>"; };
		2692E63016D2BB5800D109BC /* FileViewCell.h */ = {isa = PBXFileReference; fileEncoding = 4; lastKnownFileType = sourcecode.c.h; name = FileViewCell.h; path = Cells/FileViewCell.h; sourceTree = "<group>"; };
		2692E63116D2BB5900D109BC /* FileViewCell.m */ = {isa = PBXFileReference; fileEncoding = 4; lastKnownFileType = sourcecode.c.objc; name = FileViewCell.m; path = Cells/FileViewCell.m; sourceTree = "<group>"; };
		2692E63516D2BBA800D109BC /* FileViewCell.xib */ = {isa = PBXFileReference; fileEncoding = 4; lastKnownFileType = file.xib; name = FileViewCell.xib; path = Cells/FileViewCell.xib; sourceTree = "<group>"; };
		2692E63716D2C20100D109BC /* Purple_Folder.png */ = {isa = PBXFileReference; lastKnownFileType = image.png; name = Purple_Folder.png; path = ../../../../Downloads/Purple_Folder.png; sourceTree = "<group>"; };
		2692E63E16D2C78100D109BC /* FolderViewCell.h */ = {isa = PBXFileReference; fileEncoding = 4; lastKnownFileType = sourcecode.c.h; name = FolderViewCell.h; path = Cells/FolderViewCell.h; sourceTree = "<group>"; };
		2692E63F16D2C78100D109BC /* FolderViewCell.m */ = {isa = PBXFileReference; fileEncoding = 4; lastKnownFileType = sourcecode.c.objc; name = FolderViewCell.m; path = Cells/FolderViewCell.m; sourceTree = "<group>"; };
		2692E64116D2C78E00D109BC /* FolderViewCell.xib */ = {isa = PBXFileReference; fileEncoding = 4; lastKnownFileType = file.xib; name = FolderViewCell.xib; path = Cells/FolderViewCell.xib; sourceTree = "<group>"; };
		2692E64316D2CE0600D109BC /* TableViewController.h */ = {isa = PBXFileReference; fileEncoding = 4; lastKnownFileType = sourcecode.c.h; name = TableViewController.h; path = ViewControllers/TableViewController.h; sourceTree = "<group>"; };
		2692E64416D2CE0600D109BC /* TableViewController.m */ = {isa = PBXFileReference; fileEncoding = 4; lastKnownFileType = sourcecode.c.objc; name = TableViewController.m; path = ViewControllers/TableViewController.m; sourceTree = "<group>"; };
		2692E64516D2CE0600D109BC /* TableViewController.xib */ = {isa = PBXFileReference; fileEncoding = 4; lastKnownFileType = file.xib; name = TableViewController.xib; path = ViewControllers/TableViewController.xib; sourceTree = "<group>"; };
		2692E64816D2D06C00D109BC /* FolderViewCell_iPad.xib */ = {isa = PBXFileReference; fileEncoding = 4; lastKnownFileType = file.xib; name = FolderViewCell_iPad.xib; path = Cells/FolderViewCell_iPad.xib; sourceTree = "<group>"; };
		2692E64A16D2D18C00D109BC /* FileViewCell_iPad.xib */ = {isa = PBXFileReference; fileEncoding = 4; lastKnownFileType = file.xib; name = FileViewCell_iPad.xib; path = Cells/FileViewCell_iPad.xib; sourceTree = "<group>"; };
		269F65E216CFAB9C00663B98 /* YakimbiTest.app */ = {isa = PBXFileReference; explicitFileType = wrapper.application; includeInIndex = 0; path = YakimbiTest.app; sourceTree = BUILT_PRODUCTS_DIR; };
		269F65E516CFAB9C00663B98 /* UIKit.framework */ = {isa = PBXFileReference; lastKnownFileType = wrapper.framework; name = UIKit.framework; path = System/Library/Frameworks/UIKit.framework; sourceTree = SDKROOT; };
		269F65E716CFAB9C00663B98 /* Foundation.framework */ = {isa = PBXFileReference; lastKnownFileType = wrapper.framework; name = Foundation.framework; path = System/Library/Frameworks/Foundation.framework; sourceTree = SDKROOT; };
		269F65E916CFAB9C00663B98 /* CoreGraphics.framework */ = {isa = PBXFileReference; lastKnownFileType = wrapper.framework; name = CoreGraphics.framework; path = System/Library/Frameworks/CoreGraphics.framework; sourceTree = SDKROOT; };
		269F65EB16CFAB9C00663B98 /* CoreData.framework */ = {isa = PBXFileReference; lastKnownFileType = wrapper.framework; name = CoreData.framework; path = System/Library/Frameworks/CoreData.framework; sourceTree = SDKROOT; };
		269F65EF16CFAB9C00663B98 /* YakimbiTest-Info.plist */ = {isa = PBXFileReference; lastKnownFileType = text.plist.xml; path = "YakimbiTest-Info.plist"; sourceTree = "<group>"; };
		269F65F116CFAB9C00663B98 /* en */ = {isa = PBXFileReference; lastKnownFileType = text.plist.strings; name = en; path = en.lproj/InfoPlist.strings; sourceTree = "<group>"; };
		269F65F316CFAB9C00663B98 /* main.m */ = {isa = PBXFileReference; lastKnownFileType = sourcecode.c.objc; path = main.m; sourceTree = "<group>"; };
		269F65F516CFAB9C00663B98 /* YakimbiTest-Prefix.pch */ = {isa = PBXFileReference; lastKnownFileType = sourcecode.c.h; path = "YakimbiTest-Prefix.pch"; sourceTree = "<group>"; };
		269F65F616CFAB9C00663B98 /* AppDelegate.h */ = {isa = PBXFileReference; lastKnownFileType = sourcecode.c.h; path = AppDelegate.h; sourceTree = "<group>"; };
		269F65F716CFAB9C00663B98 /* AppDelegate.m */ = {isa = PBXFileReference; lastKnownFileType = sourcecode.c.objc; path = AppDelegate.m; sourceTree = "<group>"; };
		269F65F916CFAB9C00663B98 /* Default.png */ = {isa = PBXFileReference; lastKnownFileType = image.png; path = Default.png; sourceTree = "<group>"; };
		269F65FB16CFAB9C00663B98 /* Default@2x.png */ = {isa = PBXFileReference; lastKnownFileType = image.png; path = "Default@2x.png"; sourceTree = "<group>"; };
		269F65FD16CFAB9C00663B98 /* Default-568h@2x.png */ = {isa = PBXFileReference; lastKnownFileType = image.png; path = "Default-568h@2x.png"; sourceTree = "<group>"; };
		269F660016CFAB9C00663B98 /* YakimbiTest.xcdatamodel */ = {isa = PBXFileReference; lastKnownFileType = wrapper.xcdatamodel; path = YakimbiTest.xcdatamodel; sourceTree = "<group>"; };
		269F660716CFAB9C00663B98 /* YakimbiTestTests.octest */ = {isa = PBXFileReference; explicitFileType = wrapper.cfbundle; includeInIndex = 0; path = YakimbiTestTests.octest; sourceTree = BUILT_PRODUCTS_DIR; };
		269F660816CFAB9C00663B98 /* SenTestingKit.framework */ = {isa = PBXFileReference; lastKnownFileType = wrapper.framework; name = SenTestingKit.framework; path = Library/Frameworks/SenTestingKit.framework; sourceTree = DEVELOPER_DIR; };
		269F661116CFAB9C00663B98 /* YakimbiTestTests-Info.plist */ = {isa = PBXFileReference; lastKnownFileType = text.plist.xml; path = "YakimbiTestTests-Info.plist"; sourceTree = "<group>"; };
		269F661316CFAB9C00663B98 /* en */ = {isa = PBXFileReference; lastKnownFileType = text.plist.strings; name = en; path = en.lproj/InfoPlist.strings; sourceTree = "<group>"; };
		269F661516CFAB9C00663B98 /* YakimbiTestTests.h */ = {isa = PBXFileReference; lastKnownFileType = sourcecode.c.h; path = YakimbiTestTests.h; sourceTree = "<group>"; };
		269F661616CFAB9C00663B98 /* YakimbiTestTests.m */ = {isa = PBXFileReference; lastKnownFileType = sourcecode.c.objc; path = YakimbiTestTests.m; sourceTree = "<group>"; };
		269F662016CFABCE00663B98 /* Parser.h */ = {isa = PBXFileReference; fileEncoding = 4; lastKnownFileType = sourcecode.c.h; name = Parser.h; path = Parsers/Parser.h; sourceTree = "<group>"; };
		269F662116CFABCE00663B98 /* Parser.m */ = {isa = PBXFileReference; fileEncoding = 4; lastKnownFileType = sourcecode.c.objc; name = Parser.m; path = Parsers/Parser.m; sourceTree = "<group>"; };
		269F662416CFAC3400663B98 /* MainViewController.h */ = {isa = PBXFileReference; fileEncoding = 4; lastKnownFileType = sourcecode.c.h; name = MainViewController.h; path = ViewControllers/MainViewController.h; sourceTree = "<group>"; };
		269F662516CFAC3400663B98 /* MainViewController.m */ = {isa = PBXFileReference; fileEncoding = 4; lastKnownFileType = sourcecode.c.objc; name = MainViewController.m; path = ViewControllers/MainViewController.m; sourceTree = "<group>"; };
		269F662616CFAC3400663B98 /* MainViewController.xib */ = {isa = PBXFileReference; fileEncoding = 4; lastKnownFileType = file.xib; name = MainViewController.xib; path = ViewControllers/MainViewController.xib; sourceTree = "<group>"; };
		269F662716CFAC3400663B98 /* MainViewController_iPad.xib */ = {isa = PBXFileReference; fileEncoding = 4; lastKnownFileType = file.xib; name = MainViewController_iPad.xib; path = ViewControllers/MainViewController_iPad.xib; sourceTree = "<group>"; };
		269F662C16CFAC6E00663B98 /* Macros.h */ = {isa = PBXFileReference; fileEncoding = 4; lastKnownFileType = sourcecode.c.h; name = Macros.h; path = Utilities/Macros.h; sourceTree = "<group>"; };
		269F663016CFAF4B00663B98 /* HTTPRequestOperation.h */ = {isa = PBXFileReference; fileEncoding = 4; lastKnownFileType = sourcecode.c.h; name = HTTPRequestOperation.h; path = Network/HTTPRequestOperation.h; sourceTree = "<group>"; };
		269F663116CFAF4B00663B98 /* HTTPRequestOperation.m */ = {isa = PBXFileReference; fileEncoding = 4; lastKnownFileType = sourcecode.c.objc; name = HTTPRequestOperation.m; path = Network/HTTPRequestOperation.m; sourceTree = "<group>"; };
/* End PBXFileReference section */

/* Begin PBXFrameworksBuildPhase section */
		269F65DF16CFAB9B00663B98 /* Frameworks */ = {
			isa = PBXFrameworksBuildPhase;
			buildActionMask = 2147483647;
			files = (
				269F65E616CFAB9C00663B98 /* UIKit.framework in Frameworks */,
				269F65E816CFAB9C00663B98 /* Foundation.framework in Frameworks */,
				269F65EA16CFAB9C00663B98 /* CoreGraphics.framework in Frameworks */,
				269F65EC16CFAB9C00663B98 /* CoreData.framework in Frameworks */,
			);
			runOnlyForDeploymentPostprocessing = 0;
		};
		269F660316CFAB9C00663B98 /* Frameworks */ = {
			isa = PBXFrameworksBuildPhase;
			buildActionMask = 2147483647;
			files = (
				269F660916CFAB9C00663B98 /* SenTestingKit.framework in Frameworks */,
				269F660A16CFAB9C00663B98 /* UIKit.framework in Frameworks */,
				269F660B16CFAB9C00663B98 /* Foundation.framework in Frameworks */,
				269F660C16CFAB9C00663B98 /* CoreData.framework in Frameworks */,
			);
			runOnlyForDeploymentPostprocessing = 0;
		};
/* End PBXFrameworksBuildPhase section */

/* Begin PBXGroup section */
		26743EAA16D3FEAB008E0446 /* Custom */ = {
			isa = PBXGroup;
			children = (
				26743EAB16D3FECE008E0446 /* MyNavigationController.h */,
				26743EAC16D3FECE008E0446 /* MyNavigationController.m */,
			);
			name = Custom;
			sourceTree = "<group>";
		};
		26743EAF16D40CB3008E0446 /* Additions */ = {
			isa = PBXGroup;
			children = (
				26743EB016D40CB3008E0446 /* NSDictionary+Addition.h */,
				26743EB116D40CB3008E0446 /* NSDictionary+Addition.m */,
			);
			path = Additions;
			sourceTree = "<group>";
		};
		26743EBB16D41E4A008E0446 /* Info View */ = {
			isa = PBXGroup;
			children = (
				26743EBC16D41E66008E0446 /* InfoViewController.h */,
				26743EBD16D41E66008E0446 /* InfoViewController.m */,
				26743EBE16D41E66008E0446 /* InfoViewController.xib */,
			);
			name = "Info View";
			sourceTree = "<group>";
		};
		2676D1E916D238690019B3A5 /* DB Files */ = {
			isa = PBXGroup;
			children = (
				269F65FF16CFAB9C00663B98 /* YakimbiTest.xcdatamodeld */,
				2676D1FA16D27C3F0019B3A5 /* User.h */,
				2676D1FB16D27C3F0019B3A5 /* User.m */,
				2676D1F716D257570019B3A5 /* File.h */,
				2676D1F816D257570019B3A5 /* File.m */,
				2676D1EE16D250A20019B3A5 /* Folder.h */,
				2676D1EF16D250A20019B3A5 /* Folder.m */,
			);
			name = "DB Files";
			path = ..;
			sourceTree = "<group>";
		};
		2676D1EA16D249990019B3A5 /* Database */ = {
			isa = PBXGroup;
			children = (
				2676D1E916D238690019B3A5 /* DB Files */,
				2676D1EB16D249990019B3A5 /* DatabaseHandler.h */,
				2676D1EC16D249990019B3A5 /* DatabaseHandler.m */,
			);
			path = Database;
			sourceTree = "<group>";
		};
		2692E63416D2BB7900D109BC /* Cells */ = {
			isa = PBXGroup;
			children = (
				2692E63016D2BB5800D109BC /* FileViewCell.h */,
				2692E63116D2BB5900D109BC /* FileViewCell.m */,
				2692E63516D2BBA800D109BC /* FileViewCell.xib */,
				2692E64A16D2D18C00D109BC /* FileViewCell_iPad.xib */,
				2692E63E16D2C78100D109BC /* FolderViewCell.h */,
				2692E63F16D2C78100D109BC /* FolderViewCell.m */,
				2692E64116D2C78E00D109BC /* FolderViewCell.xib */,
				2692E64816D2D06C00D109BC /* FolderViewCell_iPad.xib */,
			);
			name = Cells;
			sourceTree = "<group>";
		};
		269F65D916CFAB9B00663B98 = {
			isa = PBXGroup;
			children = (
				269F65ED16CFAB9C00663B98 /* YakimbiTest */,
				269F660F16CFAB9C00663B98 /* YakimbiTestTests */,
				269F65E416CFAB9C00663B98 /* Frameworks */,
				269F65E316CFAB9C00663B98 /* Products */,
			);
			sourceTree = "<group>";
		};
		269F65E316CFAB9C00663B98 /* Products */ = {
			isa = PBXGroup;
			children = (
				269F65E216CFAB9C00663B98 /* YakimbiTest.app */,
				269F660716CFAB9C00663B98 /* YakimbiTestTests.octest */,
			);
			name = Products;
			sourceTree = "<group>";
		};
		269F65E416CFAB9C00663B98 /* Frameworks */ = {
			isa = PBXGroup;
			children = (
				269F65E516CFAB9C00663B98 /* UIKit.framework */,
				269F65E716CFAB9C00663B98 /* Foundation.framework */,
				269F65E916CFAB9C00663B98 /* CoreGraphics.framework */,
				269F65EB16CFAB9C00663B98 /* CoreData.framework */,
				269F660816CFAB9C00663B98 /* SenTestingKit.framework */,
			);
			name = Frameworks;
			sourceTree = "<group>";
		};
		269F65ED16CFAB9C00663B98 /* YakimbiTest */ = {
			isa = PBXGroup;
			children = (
				26743EAF16D40CB3008E0446 /* Additions */,
				26743EAA16D3FEAB008E0446 /* Custom */,
				2692E63416D2BB7900D109BC /* Cells */,
				269F663316CFAF4F00663B98 /* Network */,
				269F662F16CFAC7400663B98 /* Utilities */,
				269F662B16CFAC3C00663B98 /* ViewControllers */,
				269F662316CFABD500663B98 /* Parsers */,
				2676D1EA16D249990019B3A5 /* Database */,
				269F65F616CFAB9C00663B98 /* AppDelegate.h */,
				269F65F716CFAB9C00663B98 /* AppDelegate.m */,
				269F65EE16CFAB9C00663B98 /* Supporting Files */,
			);
			path = YakimbiTest;
			sourceTree = "<group>";
		};
		269F65EE16CFAB9C00663B98 /* Supporting Files */ = {
			isa = PBXGroup;
			children = (
				2692E63716D2C20100D109BC /* Purple_Folder.png */,
				269F65EF16CFAB9C00663B98 /* YakimbiTest-Info.plist */,
				269F65F016CFAB9C00663B98 /* InfoPlist.strings */,
				269F65F316CFAB9C00663B98 /* main.m */,
				269F65F516CFAB9C00663B98 /* YakimbiTest-Prefix.pch */,
				269F65F916CFAB9C00663B98 /* Default.png */,
				269F65FB16CFAB9C00663B98 /* Default@2x.png */,
				269F65FD16CFAB9C00663B98 /* Default-568h@2x.png */,
			);
			name = "Supporting Files";
			sourceTree = "<group>";
		};
		269F660F16CFAB9C00663B98 /* YakimbiTestTests */ = {
			isa = PBXGroup;
			children = (
				26743EC916D42940008E0446 /* test.json */,
				269F661516CFAB9C00663B98 /* YakimbiTestTests.h */,
				269F661616CFAB9C00663B98 /* YakimbiTestTests.m */,
				269F661016CFAB9C00663B98 /* Supporting Files */,
			);
			path = YakimbiTestTests;
			sourceTree = "<group>";
		};
		269F661016CFAB9C00663B98 /* Supporting Files */ = {
			isa = PBXGroup;
			children = (
				269F661116CFAB9C00663B98 /* YakimbiTestTests-Info.plist */,
				269F661216CFAB9C00663B98 /* InfoPlist.strings */,
			);
			name = "Supporting Files";
			sourceTree = "<group>";
		};
		269F662316CFABD500663B98 /* Parsers */ = {
			isa = PBXGroup;
			children = (
				269F662016CFABCE00663B98 /* Parser.h */,
				269F662116CFABCE00663B98 /* Parser.m */,
			);
			name = Parsers;
			sourceTree = "<group>";
		};
		269F662B16CFAC3C00663B98 /* ViewControllers */ = {
			isa = PBXGroup;
			children = (
				26743EBB16D41E4A008E0446 /* Info View */,
				2692E64316D2CE0600D109BC /* TableViewController.h */,
				2692E64416D2CE0600D109BC /* TableViewController.m */,
				2692E64516D2CE0600D109BC /* TableViewController.xib */,
				2692E62A16D2B0E100D109BC /* ListViewController.h */,
				2692E62B16D2B0E100D109BC /* ListViewController.m */,
				2692E62C16D2B0E100D109BC /* ListViewController.xib */,
				2692E62916D2B0E100D109BC /* ListViewController_iPad.xib */,
				269F662416CFAC3400663B98 /* MainViewController.h */,
				269F662516CFAC3400663B98 /* MainViewController.m */,
				269F662616CFAC3400663B98 /* MainViewController.xib */,
				269F662716CFAC3400663B98 /* MainViewController_iPad.xib */,
			);
			name = ViewControllers;
			sourceTree = "<group>";
		};
		269F662F16CFAC7400663B98 /* Utilities */ = {
			isa = PBXGroup;
			children = (
				269F662C16CFAC6E00663B98 /* Macros.h */,
				2676D1DA16D212A20019B3A5 /* AppConstants.h */,
				2676D1DB16D212A20019B3A5 /* AppConstants.m */,
			);
			name = Utilities;
			sourceTree = "<group>";
		};
		269F663316CFAF4F00663B98 /* Network */ = {
			isa = PBXGroup;
			children = (
				269F663016CFAF4B00663B98 /* HTTPRequestOperation.h */,
				269F663116CFAF4B00663B98 /* HTTPRequestOperation.m */,
			);
			name = Network;
			sourceTree = "<group>";
		};
/* End PBXGroup section */

/* Begin PBXNativeTarget section */
		269F65E116CFAB9B00663B98 /* YakimbiTest */ = {
			isa = PBXNativeTarget;
			buildConfigurationList = 269F661A16CFAB9C00663B98 /* Build configuration list for PBXNativeTarget "YakimbiTest" */;
			buildPhases = (
				269F65DE16CFAB9B00663B98 /* Sources */,
				269F65DF16CFAB9B00663B98 /* Frameworks */,
				269F65E016CFAB9B00663B98 /* Resources */,
			);
			buildRules = (
			);
			dependencies = (
			);
			name = YakimbiTest;
			productName = YakimbiTest;
			productReference = 269F65E216CFAB9C00663B98 /* YakimbiTest.app */;
			productType = "com.apple.product-type.application";
		};
		269F660616CFAB9C00663B98 /* YakimbiTestTests */ = {
			isa = PBXNativeTarget;
			buildConfigurationList = 269F661D16CFAB9C00663B98 /* Build configuration list for PBXNativeTarget "YakimbiTestTests" */;
			buildPhases = (
				269F660216CFAB9C00663B98 /* Sources */,
				269F660316CFAB9C00663B98 /* Frameworks */,
				269F660416CFAB9C00663B98 /* Resources */,
				269F660516CFAB9C00663B98 /* ShellScript */,
			);
			buildRules = (
			);
			dependencies = (
				269F660E16CFAB9C00663B98 /* PBXTargetDependency */,
			);
			name = YakimbiTestTests;
			productName = YakimbiTestTests;
			productReference = 269F660716CFAB9C00663B98 /* YakimbiTestTests.octest */;
			productType = "com.apple.product-type.bundle";
		};
/* End PBXNativeTarget section */

/* Begin PBXProject section */
		269F65DA16CFAB9B00663B98 /* Project object */ = {
			isa = PBXProject;
			attributes = {
				LastUpgradeCheck = 0460;
				ORGANIZATIONNAME = SAPLogix;
			};
			buildConfigurationList = 269F65DD16CFAB9B00663B98 /* Build configuration list for PBXProject "YakimbiTest" */;
			compatibilityVersion = "Xcode 3.2";
			developmentRegion = English;
			hasScannedForEncodings = 0;
			knownRegions = (
				en,
			);
			mainGroup = 269F65D916CFAB9B00663B98;
			productRefGroup = 269F65E316CFAB9C00663B98 /* Products */;
			projectDirPath = "";
			projectRoot = "";
			targets = (
				269F65E116CFAB9B00663B98 /* YakimbiTest */,
				269F660616CFAB9C00663B98 /* YakimbiTestTests */,
			);
		};
/* End PBXProject section */

/* Begin PBXResourcesBuildPhase section */
		269F65E016CFAB9B00663B98 /* Resources */ = {
			isa = PBXResourcesBuildPhase;
			buildActionMask = 2147483647;
			files = (
				269F65F216CFAB9C00663B98 /* InfoPlist.strings in Resources */,
				269F65FA16CFAB9C00663B98 /* Default.png in Resources */,
				269F65FC16CFAB9C00663B98 /* Default@2x.png in Resources */,
				269F65FE16CFAB9C00663B98 /* Default-568h@2x.png in Resources */,
				269F662916CFAC3400663B98 /* MainViewController.xib in Resources */,
				269F662A16CFAC3400663B98 /* MainViewController_iPad.xib in Resources */,
				2692E62D16D2B0E100D109BC /* ListViewController_iPad.xib in Resources */,
				2692E62F16D2B0E100D109BC /* ListViewController.xib in Resources */,
				2692E63616D2BBA800D109BC /* FileViewCell.xib in Resources */,
				2692E63816D2C20100D109BC /* Purple_Folder.png in Resources */,
				2692E64216D2C78E00D109BC /* FolderViewCell.xib in Resources */,
				2692E64716D2CE0600D109BC /* TableViewController.xib in Resources */,
				2692E64916D2D06C00D109BC /* FolderViewCell_iPad.xib in Resources */,
				2692E64B16D2D18C00D109BC /* FileViewCell_iPad.xib in Resources */,
				26743EC016D41E66008E0446 /* InfoViewController.xib in Resources */,
				26743ECB16D42E28008E0446 /* test.json in Resources */,
			);
			runOnlyForDeploymentPostprocessing = 0;
		};
		269F660416CFAB9C00663B98 /* Resources */ = {
			isa = PBXResourcesBuildPhase;
			buildActionMask = 2147483647;
			files = (
				269F661416CFAB9C00663B98 /* InfoPlist.strings in Resources */,
				26743ECA16D42940008E0446 /* test.json in Resources */,
			);
			runOnlyForDeploymentPostprocessing = 0;
		};
/* End PBXResourcesBuildPhase section */

/* Begin PBXShellScriptBuildPhase section */
		269F660516CFAB9C00663B98 /* ShellScript */ = {
			isa = PBXShellScriptBuildPhase;
			buildActionMask = 2147483647;
			files = (
			);
			inputPaths = (
			);
			outputPaths = (
			);
			runOnlyForDeploymentPostprocessing = 0;
			shellPath = /bin/sh;
			shellScript = "# Run the unit tests in this test bundle.\n\"${SYSTEM_DEVELOPER_DIR}/Tools/RunUnitTests\"\n";
		};
/* End PBXShellScriptBuildPhase section */

/* Begin PBXSourcesBuildPhase section */
		269F65DE16CFAB9B00663B98 /* Sources */ = {
			isa = PBXSourcesBuildPhase;
			buildActionMask = 2147483647;
			files = (
				269F65F416CFAB9C00663B98 /* main.m in Sources */,
				269F65F816CFAB9C00663B98 /* AppDelegate.m in Sources */,
				269F660116CFAB9C00663B98 /* YakimbiTest.xcdatamodeld in Sources */,
				269F662216CFABCE00663B98 /* Parser.m in Sources */,
				269F662816CFAC3400663B98 /* MainViewController.m in Sources */,
				269F663216CFAF4B00663B98 /* HTTPRequestOperation.m in Sources */,
				2676D1DC16D212A20019B3A5 /* AppConstants.m in Sources */,
				2676D1ED16D249990019B3A5 /* DatabaseHandler.m in Sources */,
				2676D1F016D250A20019B3A5 /* Folder.m in Sources */,
				2676D1F916D257570019B3A5 /* File.m in Sources */,
				2676D1FC16D27C3F0019B3A5 /* User.m in Sources */,
				2692E62E16D2B0E100D109BC /* ListViewController.m in Sources */,
				2692E63216D2BB5900D109BC /* FileViewCell.m in Sources */,
				2692E64016D2C78100D109BC /* FolderViewCell.m in Sources */,
				2692E64616D2CE0600D109BC /* TableViewController.m in Sources */,
				26743EAD16D3FECE008E0446 /* MyNavigationController.m in Sources */,
				26743EB416D40CB3008E0446 /* NSDictionary+Addition.m in Sources */,
				26743EBF16D41E66008E0446 /* InfoViewController.m in Sources */,
			);
			runOnlyForDeploymentPostprocessing = 0;
		};
		269F660216CFAB9C00663B98 /* Sources */ = {
			isa = PBXSourcesBuildPhase;
			buildActionMask = 2147483647;
			files = (
				269F661716CFAB9C00663B98 /* YakimbiTestTests.m in Sources */,
			);
			runOnlyForDeploymentPostprocessing = 0;
		};
/* End PBXSourcesBuildPhase section */

/* Begin PBXTargetDependency section */
		269F660E16CFAB9C00663B98 /* PBXTargetDependency */ = {
			isa = PBXTargetDependency;
			target = 269F65E116CFAB9B00663B98 /* YakimbiTest */;
			targetProxy = 269F660D16CFAB9C00663B98 /* PBXContainerItemProxy */;
		};
/* End PBXTargetDependency section */

/* Begin PBXVariantGroup section */
		269F65F016CFAB9C00663B98 /* InfoPlist.strings */ = {
			isa = PBXVariantGroup;
			children = (
				269F65F116CFAB9C00663B98 /* en */,
			);
			name = InfoPlist.strings;
			sourceTree = "<group>";
		};
		269F661216CFAB9C00663B98 /* InfoPlist.strings */ = {
			isa = PBXVariantGroup;
			children = (
				269F661316CFAB9C00663B98 /* en */,
			);
			name = InfoPlist.strings;
			sourceTree = "<group>";
		};
/* End PBXVariantGroup section */

/* Begin XCBuildConfiguration section */
		269F661816CFAB9C00663B98 /* Debug */ = {
			isa = XCBuildConfiguration;
			buildSettings = {
				ALWAYS_SEARCH_USER_PATHS = NO;
				CLANG_CXX_LANGUAGE_STANDARD = "gnu++0x";
				CLANG_CXX_LIBRARY = "libc++";
				CLANG_WARN_CONSTANT_CONVERSION = YES;
				CLANG_WARN_EMPTY_BODY = YES;
				CLANG_WARN_ENUM_CONVERSION = YES;
				CLANG_WARN_INT_CONVERSION = YES;
				CLANG_WARN__DUPLICATE_METHOD_MATCH = YES;
				"CODE_SIGN_IDENTITY[sdk=iphoneos*]" = "iPhone Developer";
				COPY_PHASE_STRIP = NO;
				GCC_C_LANGUAGE_STANDARD = gnu99;
				GCC_DYNAMIC_NO_PIC = NO;
				GCC_OPTIMIZATION_LEVEL = 0;
				GCC_PREPROCESSOR_DEFINITIONS = (
					"DEBUG=1",
					"$(inherited)",
				);
				GCC_SYMBOLS_PRIVATE_EXTERN = NO;
				GCC_WARN_ABOUT_RETURN_TYPE = YES;
				GCC_WARN_UNINITIALIZED_AUTOS = YES;
				GCC_WARN_UNUSED_VARIABLE = YES;
				IPHONEOS_DEPLOYMENT_TARGET = 6.1;
				ONLY_ACTIVE_ARCH = YES;
				SDKROOT = iphoneos;
				TARGETED_DEVICE_FAMILY = "1,2";
			};
			name = Debug;
		};
		269F661916CFAB9C00663B98 /* Release */ = {
			isa = XCBuildConfiguration;
			buildSettings = {
				ALWAYS_SEARCH_USER_PATHS = NO;
				CLANG_CXX_LANGUAGE_STANDARD = "gnu++0x";
				CLANG_CXX_LIBRARY = "libc++";
				CLANG_WARN_CONSTANT_CONVERSION = YES;
				CLANG_WARN_EMPTY_BODY = YES;
				CLANG_WARN_ENUM_CONVERSION = YES;
				CLANG_WARN_INT_CONVERSION = YES;
				CLANG_WARN__DUPLICATE_METHOD_MATCH = YES;
				"CODE_SIGN_IDENTITY[sdk=iphoneos*]" = "iPhone Developer";
				COPY_PHASE_STRIP = YES;
				GCC_C_LANGUAGE_STANDARD = gnu99;
				GCC_WARN_ABOUT_RETURN_TYPE = YES;
				GCC_WARN_UNINITIALIZED_AUTOS = YES;
				GCC_WARN_UNUSED_VARIABLE = YES;
				IPHONEOS_DEPLOYMENT_TARGET = 6.1;
				OTHER_CFLAGS = "-DNS_BLOCK_ASSERTIONS=1";
				SDKROOT = iphoneos;
				TARGETED_DEVICE_FAMILY = "1,2";
				VALIDATE_PRODUCT = YES;
			};
			name = Release;
		};
		269F661B16CFAB9C00663B98 /* Debug */ = {
			isa = XCBuildConfiguration;
			buildSettings = {
				GCC_PRECOMPILE_PREFIX_HEADER = YES;
				GCC_PREFIX_HEADER = "YakimbiTest/YakimbiTest-Prefix.pch";
				INFOPLIST_FILE = "YakimbiTest/YakimbiTest-Info.plist";
				PRODUCT_NAME = "$(TARGET_NAME)";
				WRAPPER_EXTENSION = app;
			};
			name = Debug;
		};
		269F661C16CFAB9C00663B98 /* Release */ = {
			isa = XCBuildConfiguration;
			buildSettings = {
				GCC_PRECOMPILE_PREFIX_HEADER = YES;
				GCC_PREFIX_HEADER = "YakimbiTest/YakimbiTest-Prefix.pch";
				INFOPLIST_FILE = "YakimbiTest/YakimbiTest-Info.plist";
				PRODUCT_NAME = "$(TARGET_NAME)";
				WRAPPER_EXTENSION = app;
			};
			name = Release;
		};
		269F661E16CFAB9C00663B98 /* Debug */ = {
			isa = XCBuildConfiguration;
			buildSettings = {
				BUNDLE_LOADER = "$(BUILT_PRODUCTS_DIR)/YakimbiTest.app/YakimbiTest";
				FRAMEWORK_SEARCH_PATHS = (
					"\"$(SDKROOT)/Developer/Library/Frameworks\"",
					"\"$(DEVELOPER_LIBRARY_DIR)/Frameworks\"",
				);
				GCC_PRECOMPILE_PREFIX_HEADER = YES;
				GCC_PREFIX_HEADER = "YakimbiTest/YakimbiTest-Prefix.pch";
				INFOPLIST_FILE = "YakimbiTestTests/YakimbiTestTests-Info.plist";
				PRODUCT_NAME = "$(TARGET_NAME)";
				TEST_HOST = "$(BUNDLE_LOADER)";
				WRAPPER_EXTENSION = octest;
			};
			name = Debug;
		};
		269F661F16CFAB9C00663B98 /* Release */ = {
			isa = XCBuildConfiguration;
			buildSettings = {
				BUNDLE_LOADER = "$(BUILT_PRODUCTS_DIR)/YakimbiTest.app/YakimbiTest";
				FRAMEWORK_SEARCH_PATHS = (
					"\"$(SDKROOT)/Developer/Library/Frameworks\"",
					"\"$(DEVELOPER_LIBRARY_DIR)/Frameworks\"",
				);
				GCC_PRECOMPILE_PREFIX_HEADER = YES;
				GCC_PREFIX_HEADER = "YakimbiTest/YakimbiTest-Prefix.pch";
				INFOPLIST_FILE = "YakimbiTestTests/YakimbiTestTests-Info.plist";
				PRODUCT_NAME = "$(TARGET_NAME)";
				TEST_HOST = "$(BUNDLE_LOADER)";
				WRAPPER_EXTENSION = octest;
			};
			name = Release;
		};
/* End XCBuildConfiguration section */

/* Begin XCConfigurationList section */
		269F65DD16CFAB9B00663B98 /* Build configuration list for PBXProject "YakimbiTest" */ = {
			isa = XCConfigurationList;
			buildConfigurations = (
				269F661816CFAB9C00663B98 /* Debug */,
				269F661916CFAB9C00663B98 /* Release */,
			);
			defaultConfigurationIsVisible = 0;
			defaultConfigurationName = Release;
		};
		269F661A16CFAB9C00663B98 /* Build configuration list for PBXNativeTarget "YakimbiTest" */ = {
			isa = XCConfigurationList;
			buildConfigurations = (
				269F661B16CFAB9C00663B98 /* Debug */,
				269F661C16CFAB9C00663B98 /* Release */,
			);
			defaultConfigurationIsVisible = 0;
			defaultConfigurationName = Release;
		};
		269F661D16CFAB9C00663B98 /* Build configuration list for PBXNativeTarget "YakimbiTestTests" */ = {
			isa = XCConfigurationList;
			buildConfigurations = (
				269F661E16CFAB9C00663B98 /* Debug */,
				269F661F16CFAB9C00663B98 /* Release */,
			);
			defaultConfigurationIsVisible = 0;
			defaultConfigurationName = Release;
		};
/* End XCConfigurationList section */

/* Begin XCVersionGroup section */
		269F65FF16CFAB9C00663B98 /* YakimbiTest.xcdatamodeld */ = {
			isa = XCVersionGroup;
			children = (
				269F660016CFAB9C00663B98 /* YakimbiTest.xcdatamodel */,
			);
			currentVersion = 269F660016CFAB9C00663B98 /* YakimbiTest.xcdatamodel */;
			path = YakimbiTest.xcdatamodeld;
			sourceTree = "<group>";
			versionGroupType = wrapper.xcdatamodel;
		};
/* End XCVersionGroup section */
	};
	rootObject = 269F65DA16CFAB9B00663B98 /* Project object */;
}
